// !$*UTF8*$!
{
	archiveVersion = 1;
	classes = {
	};
	objectVersion = 50;
	objects = {

/* Begin PBXBuildFile section */
		991F6C2B20B83A6E00F0BF27 /* AppDelegate.swift in Sources */ = {isa = PBXBuildFile; fileRef = 991F6C2A20B83A6E00F0BF27 /* AppDelegate.swift */; };
		991F6C2D20B83A6E00F0BF27 /* ViewController.swift in Sources */ = {isa = PBXBuildFile; fileRef = 991F6C2C20B83A6E00F0BF27 /* ViewController.swift */; };
		991F6C3020B83A6E00F0BF27 /* Main.storyboard in Resources */ = {isa = PBXBuildFile; fileRef = 991F6C2E20B83A6E00F0BF27 /* Main.storyboard */; };
		991F6C3220B83A6F00F0BF27 /* Assets.xcassets in Resources */ = {isa = PBXBuildFile; fileRef = 991F6C3120B83A6F00F0BF27 /* Assets.xcassets */; };
		991F6C3520B83A6F00F0BF27 /* LaunchScreen.storyboard in Resources */ = {isa = PBXBuildFile; fileRef = 991F6C3320B83A6F00F0BF27 /* LaunchScreen.storyboard */; };
		991F6C4720B8515900F0BF27 /* MarvelAPI.plist in Resources */ = {isa = PBXBuildFile; fileRef = 991F6C4620B8515900F0BF27 /* MarvelAPI.plist */; };
		991F6C4920B8735F00F0BF27 /* Utils.swift in Sources */ = {isa = PBXBuildFile; fileRef = 991F6C4820B8735F00F0BF27 /* Utils.swift */; };
		991F6C4B20B8956700F0BF27 /* Arcane.framework in Frameworks */ = {isa = PBXBuildFile; fileRef = 991F6C4A20B8956600F0BF27 /* Arcane.framework */; };
		991F6C4E20B8965E00F0BF27 /* MarvelServices.swift in Sources */ = {isa = PBXBuildFile; fileRef = 991F6C4D20B8965E00F0BF27 /* MarvelServices.swift */; };
		991F6C5020B897CA00F0BF27 /* Alamofire.framework in Frameworks */ = {isa = PBXBuildFile; fileRef = 991F6C4F20B897CA00F0BF27 /* Alamofire.framework */; };
/* End PBXBuildFile section */

/* Begin PBXFileReference section */
		991F6C2720B83A6E00F0BF27 /* MarvelAppExample.app */ = {isa = PBXFileReference; explicitFileType = wrapper.application; includeInIndex = 0; path = MarvelAppExample.app; sourceTree = BUILT_PRODUCTS_DIR; };
		991F6C2A20B83A6E00F0BF27 /* AppDelegate.swift */ = {isa = PBXFileReference; lastKnownFileType = sourcecode.swift; path = AppDelegate.swift; sourceTree = "<group>"; };
		991F6C2C20B83A6E00F0BF27 /* ViewController.swift */ = {isa = PBXFileReference; lastKnownFileType = sourcecode.swift; path = ViewController.swift; sourceTree = "<group>"; };
		991F6C2F20B83A6E00F0BF27 /* Base */ = {isa = PBXFileReference; lastKnownFileType = file.storyboard; name = Base; path = Base.lproj/Main.storyboard; sourceTree = "<group>"; };
		991F6C3120B83A6F00F0BF27 /* Assets.xcassets */ = {isa = PBXFileReference; lastKnownFileType = folder.assetcatalog; path = Assets.xcassets; sourceTree = "<group>"; };
		991F6C3420B83A6F00F0BF27 /* Base */ = {isa = PBXFileReference; lastKnownFileType = file.storyboard; name = Base; path = Base.lproj/LaunchScreen.storyboard; sourceTree = "<group>"; };
		991F6C3620B83A6F00F0BF27 /* Info.plist */ = {isa = PBXFileReference; lastKnownFileType = text.plist.xml; path = Info.plist; sourceTree = "<group>"; };
		991F6C4620B8515900F0BF27 /* MarvelAPI.plist */ = {isa = PBXFileReference; lastKnownFileType = text.plist.xml; path = MarvelAPI.plist; sourceTree = "<group>"; };
		991F6C4820B8735F00F0BF27 /* Utils.swift */ = {isa = PBXFileReference; lastKnownFileType = sourcecode.swift; path = Utils.swift; sourceTree = "<group>"; };
		991F6C4A20B8956600F0BF27 /* Arcane.framework */ = {isa = PBXFileReference; lastKnownFileType = wrapper.framework; name = Arcane.framework; path = Carthage/Build/iOS/Arcane.framework; sourceTree = SOURCE_ROOT; };
		991F6C4D20B8965E00F0BF27 /* MarvelServices.swift */ = {isa = PBXFileReference; lastKnownFileType = sourcecode.swift; path = MarvelServices.swift; sourceTree = "<group>"; };
		991F6C4F20B897CA00F0BF27 /* Alamofire.framework */ = {isa = PBXFileReference; lastKnownFileType = wrapper.framework; name = Alamofire.framework; path = Carthage/Build/iOS/Alamofire.framework; sourceTree = SOURCE_ROOT; };
/* End PBXFileReference section */

/* Begin PBXFrameworksBuildPhase section */
		991F6C2420B83A6E00F0BF27 /* Frameworks */ = {
			isa = PBXFrameworksBuildPhase;
			buildActionMask = 2147483647;
			files = (
				991F6C4B20B8956700F0BF27 /* Arcane.framework in Frameworks */,
				991F6C5020B897CA00F0BF27 /* Alamofire.framework in Frameworks */,
			);
			runOnlyForDeploymentPostprocessing = 0;
		};
/* End PBXFrameworksBuildPhase section */

/* Begin PBXGroup section */
		991F6C1E20B83A6E00F0BF27 = {
			isa = PBXGroup;
			children = (
				991F6C2920B83A6E00F0BF27 /* MarvelAppExample */,
				991F6C4020B8418A00F0BF27 /* Frameworks */,
				991F6C2820B83A6E00F0BF27 /* Products */,
			);
			sourceTree = "<group>";
		};
		991F6C2820B83A6E00F0BF27 /* Products */ = {
			isa = PBXGroup;
			children = (
				991F6C2720B83A6E00F0BF27 /* MarvelAppExample.app */,
			);
			name = Products;
			sourceTree = "<group>";
		};
		991F6C2920B83A6E00F0BF27 /* MarvelAppExample */ = {
			isa = PBXGroup;
			children = (
				991F6C4C20B8959600F0BF27 /* API Services */,
				991F6C2A20B83A6E00F0BF27 /* AppDelegate.swift */,
				991F6C2C20B83A6E00F0BF27 /* ViewController.swift */,
				991F6C2E20B83A6E00F0BF27 /* Main.storyboard */,
				991F6C3120B83A6F00F0BF27 /* Assets.xcassets */,
				991F6C3320B83A6F00F0BF27 /* LaunchScreen.storyboard */,
				991F6C3620B83A6F00F0BF27 /* Info.plist */,
				991F6C4620B8515900F0BF27 /* MarvelAPI.plist */,
				991F6C4820B8735F00F0BF27 /* Utils.swift */,
			);
			path = MarvelAppExample;
			sourceTree = "<group>";
		};
		991F6C4020B8418A00F0BF27 /* Frameworks */ = {
			isa = PBXGroup;
			children = (
				991F6C4F20B897CA00F0BF27 /* Alamofire.framework */,
				991F6C4A20B8956600F0BF27 /* Arcane.framework */,
			);
			path = Frameworks;
			sourceTree = "<group>";
		};
		991F6C4C20B8959600F0BF27 /* API Services */ = {
			isa = PBXGroup;
			children = (
				991F6C4D20B8965E00F0BF27 /* MarvelServices.swift */,
			);
			path = "API Services";
			sourceTree = "<group>";
		};
/* End PBXGroup section */

/* Begin PBXNativeTarget section */
		991F6C2620B83A6E00F0BF27 /* MarvelAppExample */ = {
			isa = PBXNativeTarget;
			buildConfigurationList = 991F6C3920B83A7000F0BF27 /* Build configuration list for PBXNativeTarget "MarvelAppExample" */;
			buildPhases = (
				991F6C2320B83A6E00F0BF27 /* Sources */,
				991F6C2420B83A6E00F0BF27 /* Frameworks */,
				991F6C2520B83A6E00F0BF27 /* Resources */,
				991F6C4320B841F200F0BF27 /* Carthage Script */,
			);
			buildRules = (
			);
			dependencies = (
			);
			name = MarvelAppExample;
			productName = MarvelAppExample;
			productReference = 991F6C2720B83A6E00F0BF27 /* MarvelAppExample.app */;
			productType = "com.apple.product-type.application";
		};
/* End PBXNativeTarget section */

/* Begin PBXProject section */
		991F6C1F20B83A6E00F0BF27 /* Project object */ = {
			isa = PBXProject;
			attributes = {
				LastSwiftUpdateCheck = 0930;
				LastUpgradeCheck = 0930;
				ORGANIZATIONNAME = GabrielSilveira;
				TargetAttributes = {
					991F6C2620B83A6E00F0BF27 = {
						CreatedOnToolsVersion = 9.3;
					};
				};
			};
			buildConfigurationList = 991F6C2220B83A6E00F0BF27 /* Build configuration list for PBXProject "MarvelAppExample" */;
			compatibilityVersion = "Xcode 9.3";
			developmentRegion = en;
			hasScannedForEncodings = 0;
			knownRegions = (
				en,
				Base,
			);
			mainGroup = 991F6C1E20B83A6E00F0BF27;
			productRefGroup = 991F6C2820B83A6E00F0BF27 /* Products */;
			projectDirPath = "";
			projectRoot = "";
			targets = (
				991F6C2620B83A6E00F0BF27 /* MarvelAppExample */,
			);
		};
/* End PBXProject section */

/* Begin PBXResourcesBuildPhase section */
		991F6C2520B83A6E00F0BF27 /* Resources */ = {
			isa = PBXResourcesBuildPhase;
			buildActionMask = 2147483647;
			files = (
				991F6C3520B83A6F00F0BF27 /* LaunchScreen.storyboard in Resources */,
				991F6C3220B83A6F00F0BF27 /* Assets.xcassets in Resources */,
				991F6C4720B8515900F0BF27 /* MarvelAPI.plist in Resources */,
				991F6C3020B83A6E00F0BF27 /* Main.storyboard in Resources */,
			);
			runOnlyForDeploymentPostprocessing = 0;
		};
/* End PBXResourcesBuildPhase section */

/* Begin PBXShellScriptBuildPhase section */
		991F6C4320B841F200F0BF27 /* Carthage Script */ = {
			isa = PBXShellScriptBuildPhase;
			buildActionMask = 2147483647;
			files = (
			);
			inputPaths = (
				"$(SRCROOT)/Carthage/Build/iOS/Arcane.framework",
				"$(SRCROOT)/Carthage/Build/iOS/Alamofire.framework",
			);
			name = "Carthage Script";
			outputPaths = (
			);
			runOnlyForDeploymentPostprocessing = 0;
			shellPath = /bin/sh;
			shellScript = "/usr/local/bin/carthage copy-frameworks";
		};
/* End PBXShellScriptBuildPhase section */

/* Begin PBXSourcesBuildPhase section */
		991F6C2320B83A6E00F0BF27 /* Sources */ = {
			isa = PBXSourcesBuildPhase;
			buildActionMask = 2147483647;
			files = (
				991F6C4E20B8965E00F0BF27 /* MarvelServices.swift in Sources */,
				991F6C2D20B83A6E00F0BF27 /* ViewController.swift in Sources */,
				991F6C2B20B83A6E00F0BF27 /* AppDelegate.swift in Sources */,
				991F6C4920B8735F00F0BF27 /* Utils.swift in Sources */,
			);
			runOnlyForDeploymentPostprocessing = 0;
		};
/* End PBXSourcesBuildPhase section */

/* Begin PBXVariantGroup section */
		991F6C2E20B83A6E00F0BF27 /* Main.storyboard */ = {
			isa = PBXVariantGroup;
			children = (
				991F6C2F20B83A6E00F0BF27 /* Base */,
			);
			name = Main.storyboard;
			sourceTree = "<group>";
		};
		991F6C3320B83A6F00F0BF27 /* LaunchScreen.storyboard */ = {
			isa = PBXVariantGroup;
			children = (
				991F6C3420B83A6F00F0BF27 /* Base */,
			);
			name = LaunchScreen.storyboard;
			sourceTree = "<group>";
		};
/* End PBXVariantGroup section */

/* Begin XCBuildConfiguration section */
		991F6C3720B83A7000F0BF27 /* Debug */ = {
			isa = XCBuildConfiguration;
			buildSettings = {
				ALWAYS_SEARCH_USER_PATHS = NO;
				CLANG_ANALYZER_NONNULL = YES;
				CLANG_ANALYZER_NUMBER_OBJECT_CONVERSION = YES_AGGRESSIVE;
				CLANG_CXX_LANGUAGE_STANDARD = "gnu++14";
				CLANG_CXX_LIBRARY = "libc++";
				CLANG_ENABLE_MODULES = YES;
				CLANG_ENABLE_OBJC_ARC = YES;
				CLANG_ENABLE_OBJC_WEAK = YES;
				CLANG_WARN_BLOCK_CAPTURE_AUTORELEASING = YES;
				CLANG_WARN_BOOL_CONVERSION = YES;
				CLANG_WARN_COMMA = YES;
				CLANG_WARN_CONSTANT_CONVERSION = YES;
				CLANG_WARN_DEPRECATED_OBJC_IMPLEMENTATIONS = YES;
				CLANG_WARN_DIRECT_OBJC_ISA_USAGE = YES_ERROR;
				CLANG_WARN_DOCUMENTATION_COMMENTS = YES;
				CLANG_WARN_EMPTY_BODY = YES;
				CLANG_WARN_ENUM_CONVERSION = YES;
				CLANG_WARN_INFINITE_RECURSION = YES;
				CLANG_WARN_INT_CONVERSION = YES;
				CLANG_WARN_NON_LITERAL_NULL_CONVERSION = YES;
				CLANG_WARN_OBJC_IMPLICIT_RETAIN_SELF = YES;
				CLANG_WARN_OBJC_LITERAL_CONVERSION = YES;
				CLANG_WARN_OBJC_ROOT_CLASS = YES_ERROR;
				CLANG_WARN_RANGE_LOOP_ANALYSIS = YES;
				CLANG_WARN_STRICT_PROTOTYPES = YES;
				CLANG_WARN_SUSPICIOUS_MOVE = YES;
				CLANG_WARN_UNGUARDED_AVAILABILITY = YES_AGGRESSIVE;
				CLANG_WARN_UNREACHABLE_CODE = YES;
				CLANG_WARN__DUPLICATE_METHOD_MATCH = YES;
				CODE_SIGN_IDENTITY = "iPhone Developer";
				COPY_PHASE_STRIP = NO;
				DEBUG_INFORMATION_FORMAT = dwarf;
				ENABLE_STRICT_OBJC_MSGSEND = YES;
				ENABLE_TESTABILITY = YES;
				GCC_C_LANGUAGE_STANDARD = gnu11;
				GCC_DYNAMIC_NO_PIC = NO;
				GCC_NO_COMMON_BLOCKS = YES;
				GCC_OPTIMIZATION_LEVEL = 0;
				GCC_PREPROCESSOR_DEFINITIONS = (
					"DEBUG=1",
					"$(inherited)",
				);
				GCC_WARN_64_TO_32_BIT_CONVERSION = YES;
				GCC_WARN_ABOUT_RETURN_TYPE = YES_ERROR;
				GCC_WARN_UNDECLARED_SELECTOR = YES;
				GCC_WARN_UNINITIALIZED_AUTOS = YES_AGGRESSIVE;
				GCC_WARN_UNUSED_FUNCTION = YES;
				GCC_WARN_UNUSED_VARIABLE = YES;
				IPHONEOS_DEPLOYMENT_TARGET = 11.3;
				MTL_ENABLE_DEBUG_INFO = YES;
				ONLY_ACTIVE_ARCH = YES;
				SDKROOT = iphoneos;
				SWIFT_ACTIVE_COMPILATION_CONDITIONS = DEBUG;
				SWIFT_OPTIMIZATION_LEVEL = "-Onone";
			};
			name = Debug;
		};
		991F6C3820B83A7000F0BF27 /* Release */ = {
			isa = XCBuildConfiguration;
			buildSettings = {
				ALWAYS_SEARCH_USER_PATHS = NO;
				CLANG_ANALYZER_NONNULL = YES;
				CLANG_ANALYZER_NUMBER_OBJECT_CONVERSION = YES_AGGRESSIVE;
				CLANG_CXX_LANGUAGE_STANDARD = "gnu++14";
				CLANG_CXX_LIBRARY = "libc++";
				CLANG_ENABLE_MODULES = YES;
				CLANG_ENABLE_OBJC_ARC = YES;
				CLANG_ENABLE_OBJC_WEAK = YES;
				CLANG_WARN_BLOCK_CAPTURE_AUTORELEASING = YES;
				CLANG_WARN_BOOL_CONVERSION = YES;
				CLANG_WARN_COMMA = YES;
				CLANG_WARN_CONSTANT_CONVERSION = YES;
				CLANG_WARN_DEPRECATED_OBJC_IMPLEMENTATIONS = YES;
				CLANG_WARN_DIRECT_OBJC_ISA_USAGE = YES_ERROR;
				CLANG_WARN_DOCUMENTATION_COMMENTS = YES;
				CLANG_WARN_EMPTY_BODY = YES;
				CLANG_WARN_ENUM_CONVERSION = YES;
				CLANG_WARN_INFINITE_RECURSION = YES;
				CLANG_WARN_INT_CONVERSION = YES;
				CLANG_WARN_NON_LITERAL_NULL_CONVERSION = YES;
				CLANG_WARN_OBJC_IMPLICIT_RETAIN_SELF = YES;
				CLANG_WARN_OBJC_LITERAL_CONVERSION = YES;
				CLANG_WARN_OBJC_ROOT_CLASS = YES_ERROR;
				CLANG_WARN_RANGE_LOOP_ANALYSIS = YES;
				CLANG_WARN_STRICT_PROTOTYPES = YES;
				CLANG_WARN_SUSPICIOUS_MOVE = YES;
				CLANG_WARN_UNGUARDED_AVAILABILITY = YES_AGGRESSIVE;
				CLANG_WARN_UNREACHABLE_CODE = YES;
				CLANG_WARN__DUPLICATE_METHOD_MATCH = YES;
				CODE_SIGN_IDENTITY = "iPhone Developer";
				COPY_PHASE_STRIP = NO;
				DEBUG_INFORMATION_FORMAT = "dwarf-with-dsym";
				ENABLE_NS_ASSERTIONS = NO;
				ENABLE_STRICT_OBJC_MSGSEND = YES;
				GCC_C_LANGUAGE_STANDARD = gnu11;
				GCC_NO_COMMON_BLOCKS = YES;
				GCC_WARN_64_TO_32_BIT_CONVERSION = YES;
				GCC_WARN_ABOUT_RETURN_TYPE = YES_ERROR;
				GCC_WARN_UNDECLARED_SELECTOR = YES;
				GCC_WARN_UNINITIALIZED_AUTOS = YES_AGGRESSIVE;
				GCC_WARN_UNUSED_FUNCTION = YES;
				GCC_WARN_UNUSED_VARIABLE = YES;
				IPHONEOS_DEPLOYMENT_TARGET = 11.3;
				MTL_ENABLE_DEBUG_INFO = NO;
				SDKROOT = iphoneos;
				SWIFT_COMPILATION_MODE = wholemodule;
				SWIFT_OPTIMIZATION_LEVEL = "-O";
				VALIDATE_PRODUCT = YES;
			};
			name = Release;
		};
		991F6C3A20B83A7000F0BF27 /* Debug */ = {
			isa = XCBuildConfiguration;
			buildSettings = {
				ASSETCATALOG_COMPILER_APPICON_NAME = AppIcon;
				CODE_SIGN_STYLE = Automatic;
				DEVELOPMENT_TEAM = 9TVN892NPQ;
				FRAMEWORK_SEARCH_PATHS = (
					"$(inherited)",
					"$(PROJECT_DIR)/Carthage/Build/iOS",
				);
				INFOPLIST_FILE = MarvelAppExample/Info.plist;
				LD_RUNPATH_SEARCH_PATHS = (
					"$(inherited)",
					"@executable_path/Frameworks",
				);
				PRODUCT_BUNDLE_IDENTIFIER = com.GabrielSilveira.CustomTabBar.MarvelAppExample;
				PRODUCT_NAME = "$(TARGET_NAME)";
				SWIFT_OBJC_BRIDGING_HEADER = "";
				SWIFT_VERSION = 4.0;
				TARGETED_DEVICE_FAMILY = "1,2";
			};
			name = Debug;
		};
		991F6C3B20B83A7000F0BF27 /* Release */ = {
			isa = XCBuildConfiguration;
			buildSettings = {
				ASSETCATALOG_COMPILER_APPICON_NAME = AppIcon;
				CODE_SIGN_STYLE = Automatic;
				DEVELOPMENT_TEAM = 9TVN892NPQ;
				FRAMEWORK_SEARCH_PATHS = (
					"$(inherited)",
					"$(PROJECT_DIR)/Carthage/Build/iOS",
				);
				INFOPLIST_FILE = MarvelAppExample/Info.plist;
				LD_RUNPATH_SEARCH_PATHS = (
					"$(inherited)",
					"@executable_path/Frameworks",
				);
				PRODUCT_BUNDLE_IDENTIFIER = com.GabrielSilveira.CustomTabBar.MarvelAppExample;
				PRODUCT_NAME = "$(TARGET_NAME)";
				SWIFT_OBJC_BRIDGING_HEADER = "";
				SWIFT_VERSION = 4.0;
				TARGETED_DEVICE_FAMILY = "1,2";
			};
			name = Release;
		};
/* End XCBuildConfiguration section */

/* Begin XCConfigurationList section */
		991F6C2220B83A6E00F0BF27 /* Build configuration list for PBXProject "MarvelAppExample" */ = {
			isa = XCConfigurationList;
			buildConfigurations = (
				991F6C3720B83A7000F0BF27 /* Debug */,
				991F6C3820B83A7000F0BF27 /* Release */,
			);
			defaultConfigurationIsVisible = 0;
			defaultConfigurationName = Release;
		};
		991F6C3920B83A7000F0BF27 /* Build configuration list for PBXNativeTarget "MarvelAppExample" */ = {
			isa = XCConfigurationList;
			buildConfigurations = (
				991F6C3A20B83A7000F0BF27 /* Debug */,
				991F6C3B20B83A7000F0BF27 /* Release */,
			);
			defaultConfigurationIsVisible = 0;
			defaultConfigurationName = Release;
		};
/* End XCConfigurationList section */
	};
	rootObject = 991F6C1F20B83A6E00F0BF27 /* Project object */;
}
